// !$*UTF8*$!
{
	archiveVersion = 1;
	classes = {
	};
	objectVersion = 77;
	objects = {

/* Begin PBXContainerItemProxy section */
		71C9C78C2E4A2A4B00AAA75D /* PBXContainerItemProxy */ = {
			isa = PBXContainerItemProxy;
			containerPortal = 71C9C7712E4A2A4800AAA75D /* Project object */;
			proxyType = 1;
			remoteGlobalIDString = 71C9C7782E4A2A4800AAA75D;
			remoteInfo = sekretar;
		};
		71C9C7962E4A2A4B00AAA75D /* PBXContainerItemProxy */ = {
			isa = PBXContainerItemProxy;
			containerPortal = 71C9C7712E4A2A4800AAA75D /* Project object */;
			proxyType = 1;
			remoteGlobalIDString = 71C9C7782E4A2A4800AAA75D;
			remoteInfo = sekretar;
		};
/* End PBXContainerItemProxy section */

/* Begin PBXFileReference section */
		71C9C7792E4A2A4800AAA75D /* sekretar.app */ = {isa = PBXFileReference; explicitFileType = wrapper.application; includeInIndex = 0; path = sekretar.app; sourceTree = BUILT_PRODUCTS_DIR; };
		71C9C78B2E4A2A4B00AAA75D /* sekretarTests.xctest */ = {isa = PBXFileReference; explicitFileType = wrapper.cfbundle; includeInIndex = 0; path = sekretarTests.xctest; sourceTree = BUILT_PRODUCTS_DIR; };
		71C9C7952E4A2A4B00AAA75D /* sekretarUITests.xctest */ = {isa = PBXFileReference; explicitFileType = wrapper.cfbundle; includeInIndex = 0; path = sekretarUITests.xctest; sourceTree = BUILT_PRODUCTS_DIR; };
		71C9C7EC2E4B86B500AAA75D /* Untitled.swift */ = {isa = PBXFileReference; lastKnownFileType = sourcecode.swift; path = Untitled.swift; sourceTree = "<group>"; };
/* End PBXFileReference section */

/* Begin PBXFileSystemSynchronizedBuildFileExceptionSet section */
		71C9C7D52E4A314000AAA75D /* Exceptions for "sekretar" folder in "sekretar" target */ = {
			isa = PBXFileSystemSynchronizedBuildFileExceptionSet;
			membershipExceptions = (
				calendAIApp.swift.backup,
				EnhancedCalendarView.swift.backup,
				Info.plist,
				SettingsViewModel.swift.backup,
			);
			platformFiltersByRelativePath = {
				CoreDataModel.swift = (ios, );
			};
			target = 71C9C7782E4A2A4800AAA75D /* sekretar */;
		};
		71C9C7D82E4A3E8600AAA75D /* Exceptions for "sekretar" folder in "sekretarTests" target */ = {
			isa = PBXFileSystemSynchronizedBuildFileExceptionSet;
			membershipExceptions = (
				TaskEditorView.swift,
			);
			target = 71C9C78A2E4A2A4B00AAA75D /* sekretarTests */;
		};
		71C9C7D92E4A3E8600AAA75D /* Exceptions for "sekretar" folder in "sekretarUITests" target */ = {
			isa = PBXFileSystemSynchronizedBuildFileExceptionSet;
			membershipExceptions = (
				TaskEditorView.swift,
			);
			target = 71C9C7942E4A2A4B00AAA75D /* sekretarUITests */;
		};
/* End PBXFileSystemSynchronizedBuildFileExceptionSet section */

/* Begin PBXFileSystemSynchronizedRootGroup section */
		71C9C77B2E4A2A4800AAA75D /* sekretar */ = {
			isa = PBXFileSystemSynchronizedRootGroup;
			exceptions = (
				71C9C7D52E4A314000AAA75D /* Exceptions for "sekretar" folder in "sekretar" target */,
				71C9C7D82E4A3E8600AAA75D /* Exceptions for "sekretar" folder in "sekretarTests" target */,
				71C9C7D92E4A3E8600AAA75D /* Exceptions for "sekretar" folder in "sekretarUITests" target */,
			);
			explicitFileTypes = {
				TaskEditorView.swift = sourcecode.swift;
			};
			path = sekretar;
			sourceTree = "<group>";
		};
		71C9C78E2E4A2A4B00AAA75D /* sekretarTests */ = {
			isa = PBXFileSystemSynchronizedRootGroup;
			path = sekretarTests;
			sourceTree = "<group>";
		};
		71C9C7982E4A2A4B00AAA75D /* sekretarUITests */ = {
			isa = PBXFileSystemSynchronizedRootGroup;
			path = sekretarUITests;
			sourceTree = "<group>";
		};
/* End PBXFileSystemSynchronizedRootGroup section */

/* Begin PBXFrameworksBuildPhase section */
		71C9C7762E4A2A4800AAA75D /* Frameworks */ = {
			isa = PBXFrameworksBuildPhase;
			buildActionMask = 2147483647;
			files = (
			);
			runOnlyForDeploymentPostprocessing = 0;
		};
		71C9C7882E4A2A4B00AAA75D /* Frameworks */ = {
			isa = PBXFrameworksBuildPhase;
			buildActionMask = 2147483647;
			files = (
			);
			runOnlyForDeploymentPostprocessing = 0;
		};
		71C9C7922E4A2A4B00AAA75D /* Frameworks */ = {
			isa = PBXFrameworksBuildPhase;
			buildActionMask = 2147483647;
			files = (
			);
			runOnlyForDeploymentPostprocessing = 0;
		};
/* End PBXFrameworksBuildPhase section */

/* Begin PBXGroup section */
		71C9C7702E4A2A4800AAA75D = {
			isa = PBXGroup;
			children = (
				71C9C7EC2E4B86B500AAA75D /* Untitled.swift */,
				71C9C77B2E4A2A4800AAA75D /* sekretar */,
				71C9C78E2E4A2A4B00AAA75D /* sekretarTests */,
				71C9C7982E4A2A4B00AAA75D /* sekretarUITests */,
				71C9C77A2E4A2A4800AAA75D /* Products */,
			);
			sourceTree = "<group>";
		};
		71C9C77A2E4A2A4800AAA75D /* Products */ = {
			isa = PBXGroup;
			children = (
				71C9C7792E4A2A4800AAA75D /* sekretar.app */,
				71C9C78B2E4A2A4B00AAA75D /* sekretarTests.xctest */,
				71C9C7952E4A2A4B00AAA75D /* sekretarUITests.xctest */,
			);
			name = Products;
			sourceTree = "<group>";
		};
/* End PBXGroup section */

/* Begin PBXNativeTarget section */
		71C9C7782E4A2A4800AAA75D /* sekretar */ = {
			isa = PBXNativeTarget;
			buildConfigurationList = 71C9C79F2E4A2A4B00AAA75D /* Build configuration list for PBXNativeTarget "sekretar" */;
			buildPhases = (
				71C9C7752E4A2A4800AAA75D /* Sources */,
				71C9C7762E4A2A4800AAA75D /* Frameworks */,
				71C9C7772E4A2A4800AAA75D /* Resources */,
			);
			buildRules = (
			);
			dependencies = (
			);
			fileSystemSynchronizedGroups = (
				71C9C77B2E4A2A4800AAA75D /* sekretar */,
			);
			name = sekretar;
			packageProductDependencies = (
			);
			productName = sekretar;
			productReference = 71C9C7792E4A2A4800AAA75D /* sekretar.app */;
			productType = "com.apple.product-type.application";
		};
		71C9C78A2E4A2A4B00AAA75D /* sekretarTests */ = {
			isa = PBXNativeTarget;
			buildConfigurationList = 71C9C7A22E4A2A4B00AAA75D /* Build configuration list for PBXNativeTarget "sekretarTests" */;
			buildPhases = (
				71C9C7872E4A2A4B00AAA75D /* Sources */,
				71C9C7882E4A2A4B00AAA75D /* Frameworks */,
				71C9C7892E4A2A4B00AAA75D /* Resources */,
			);
			buildRules = (
			);
			dependencies = (
				71C9C78D2E4A2A4B00AAA75D /* PBXTargetDependency */,
			);
			fileSystemSynchronizedGroups = (
				71C9C78E2E4A2A4B00AAA75D /* sekretarTests */,
			);
			name = sekretarTests;
			packageProductDependencies = (
			);
			productName = sekretarTests;
			productReference = 71C9C78B2E4A2A4B00AAA75D /* sekretarTests.xctest */;
			productType = "com.apple.product-type.bundle.unit-test";
		};
		71C9C7942E4A2A4B00AAA75D /* sekretarUITests */ = {
			isa = PBXNativeTarget;
			buildConfigurationList = 71C9C7A52E4A2A4B00AAA75D /* Build configuration list for PBXNativeTarget "sekretarUITests" */;
			buildPhases = (
				71C9C7912E4A2A4B00AAA75D /* Sources */,
				71C9C7922E4A2A4B00AAA75D /* Frameworks */,
				71C9C7932E4A2A4B00AAA75D /* Resources */,
			);
			buildRules = (
			);
			dependencies = (
				71C9C7972E4A2A4B00AAA75D /* PBXTargetDependency */,
			);
			fileSystemSynchronizedGroups = (
				71C9C7982E4A2A4B00AAA75D /* sekretarUITests */,
			);
			name = sekretarUITests;
			packageProductDependencies = (
			);
			productName = sekretarUITests;
			productReference = 71C9C7952E4A2A4B00AAA75D /* sekretarUITests.xctest */;
			productType = "com.apple.product-type.bundle.ui-testing";
		};
/* End PBXNativeTarget section */

/* Begin PBXProject section */
		71C9C7712E4A2A4800AAA75D /* Project object */ = {
			isa = PBXProject;
			attributes = {
				BuildIndependentTargetsInParallel = 1;
				LastSwiftUpdateCheck = 1640;
				LastUpgradeCheck = 1640;
				TargetAttributes = {
					71C9C7782E4A2A4800AAA75D = {
						CreatedOnToolsVersion = 16.4;
					};
					71C9C78A2E4A2A4B00AAA75D = {
						CreatedOnToolsVersion = 16.4;
						TestTargetID = 71C9C7782E4A2A4800AAA75D;
					};
					71C9C7942E4A2A4B00AAA75D = {
						CreatedOnToolsVersion = 16.4;
						TestTargetID = 71C9C7782E4A2A4800AAA75D;
					};
				};
			};
			buildConfigurationList = 71C9C7742E4A2A4800AAA75D /* Build configuration list for PBXProject "sekretar" */;
			developmentRegion = en;
			hasScannedForEncodings = 0;
			knownRegions = (
				en,
				Base,
				ru,
			);
			mainGroup = 71C9C7702E4A2A4800AAA75D;
			minimizedProjectReferenceProxies = 1;
			preferredProjectObjectVersion = 77;
			productRefGroup = 71C9C77A2E4A2A4800AAA75D /* Products */;
			projectDirPath = "";
			projectRoot = "";
			targets = (
				71C9C7782E4A2A4800AAA75D /* sekretar */,
				71C9C78A2E4A2A4B00AAA75D /* sekretarTests */,
				71C9C7942E4A2A4B00AAA75D /* sekretarUITests */,
			);
		};
/* End PBXProject section */

/* Begin PBXResourcesBuildPhase section */
		71C9C7772E4A2A4800AAA75D /* Resources */ = {
			isa = PBXResourcesBuildPhase;
			buildActionMask = 2147483647;
			files = (
			);
			runOnlyForDeploymentPostprocessing = 0;
		};
		71C9C7892E4A2A4B00AAA75D /* Resources */ = {
			isa = PBXResourcesBuildPhase;
			buildActionMask = 2147483647;
			files = (
			);
			runOnlyForDeploymentPostprocessing = 0;
		};
		71C9C7932E4A2A4B00AAA75D /* Resources */ = {
			isa = PBXResourcesBuildPhase;
			buildActionMask = 2147483647;
			files = (
			);
			runOnlyForDeploymentPostprocessing = 0;
		};
/* End PBXResourcesBuildPhase section */

/* Begin PBXSourcesBuildPhase section */
		71C9C7752E4A2A4800AAA75D /* Sources */ = {
			isa = PBXSourcesBuildPhase;
			buildActionMask = 2147483647;
			files = (
			);
			runOnlyForDeploymentPostprocessing = 0;
		};
		71C9C7872E4A2A4B00AAA75D /* Sources */ = {
			isa = PBXSourcesBuildPhase;
			buildActionMask = 2147483647;
			files = (
			);
			runOnlyForDeploymentPostprocessing = 0;
		};
		71C9C7912E4A2A4B00AAA75D /* Sources */ = {
			isa = PBXSourcesBuildPhase;
			buildActionMask = 2147483647;
			files = (
			);
			runOnlyForDeploymentPostprocessing = 0;
		};
/* End PBXSourcesBuildPhase section */

/* Begin PBXTargetDependency section */
		71C9C78D2E4A2A4B00AAA75D /* PBXTargetDependency */ = {
			isa = PBXTargetDependency;
			target = 71C9C7782E4A2A4800AAA75D /* sekretar */;
			targetProxy = 71C9C78C2E4A2A4B00AAA75D /* PBXContainerItemProxy */;
		};
		71C9C7972E4A2A4B00AAA75D /* PBXTargetDependency */ = {
			isa = PBXTargetDependency;
			target = 71C9C7782E4A2A4800AAA75D /* sekretar */;
			targetProxy = 71C9C7962E4A2A4B00AAA75D /* PBXContainerItemProxy */;
		};
/* End PBXTargetDependency section */

/* Begin XCBuildConfiguration section */
		71C9C79D2E4A2A4B00AAA75D /* Debug */ = {
			isa = XCBuildConfiguration;
			buildSettings = {
				ALWAYS_SEARCH_USER_PATHS = NO;
				ASSETCATALOG_COMPILER_GENERATE_SWIFT_ASSET_SYMBOL_EXTENSIONS = YES;
				CLANG_ANALYZER_NONNULL = YES;
				CLANG_ANALYZER_NUMBER_OBJECT_CONVERSION = YES_AGGRESSIVE;
				CLANG_CXX_LANGUAGE_STANDARD = "gnu++20";
				CLANG_ENABLE_MODULES = YES;
				CLANG_ENABLE_OBJC_ARC = YES;
				CLANG_ENABLE_OBJC_WEAK = YES;
				CLANG_WARN_BLOCK_CAPTURE_AUTORELEASING = YES;
				CLANG_WARN_BOOL_CONVERSION = YES;
				CLANG_WARN_COMMA = YES;
				CLANG_WARN_CONSTANT_CONVERSION = YES;
				CLANG_WARN_DEPRECATED_OBJC_IMPLEMENTATIONS = YES;
				CLANG_WARN_DIRECT_OBJC_ISA_USAGE = YES_ERROR;
				CLANG_WARN_DOCUMENTATION_COMMENTS = YES;
				CLANG_WARN_EMPTY_BODY = YES;
				CLANG_WARN_ENUM_CONVERSION = YES;
				CLANG_WARN_INFINITE_RECURSION = YES;
				CLANG_WARN_INT_CONVERSION = YES;
				CLANG_WARN_NON_LITERAL_NULL_CONVERSION = YES;
				CLANG_WARN_OBJC_IMPLICIT_RETAIN_SELF = YES;
				CLANG_WARN_OBJC_LITERAL_CONVERSION = YES;
				CLANG_WARN_OBJC_ROOT_CLASS = YES_ERROR;
				CLANG_WARN_QUOTED_INCLUDE_IN_FRAMEWORK_HEADER = YES;
				CLANG_WARN_RANGE_LOOP_ANALYSIS = YES;
				CLANG_WARN_STRICT_PROTOTYPES = YES;
				CLANG_WARN_SUSPICIOUS_MOVE = YES;
				CLANG_WARN_UNGUARDED_AVAILABILITY = YES_AGGRESSIVE;
				CLANG_WARN_UNREACHABLE_CODE = YES;
				CLANG_WARN__DUPLICATE_METHOD_MATCH = YES;
				COPY_PHASE_STRIP = NO;
				DEBUG_INFORMATION_FORMAT = dwarf;
				ENABLE_STRICT_OBJC_MSGSEND = YES;
				ENABLE_TESTABILITY = YES;
				ENABLE_USER_SCRIPT_SANDBOXING = YES;
				GCC_C_LANGUAGE_STANDARD = gnu17;
				GCC_DYNAMIC_NO_PIC = NO;
				GCC_NO_COMMON_BLOCKS = YES;
				GCC_OPTIMIZATION_LEVEL = 0;
				GCC_PREPROCESSOR_DEFINITIONS = (
					"DEBUG=1",
					"$(inherited)",
				);
				GCC_WARN_64_TO_32_BIT_CONVERSION = YES;
				GCC_WARN_ABOUT_RETURN_TYPE = YES_ERROR;
				GCC_WARN_UNDECLARED_SELECTOR = YES;
				GCC_WARN_UNINITIALIZED_AUTOS = YES_AGGRESSIVE;
				GCC_WARN_UNUSED_FUNCTION = YES;
				GCC_WARN_UNUSED_VARIABLE = YES;
				IPHONEOS_DEPLOYMENT_TARGET = 18.5;
				LOCALIZATION_PREFERS_STRING_CATALOGS = YES;
				MTL_ENABLE_DEBUG_INFO = INCLUDE_SOURCE;
				MTL_FAST_MATH = YES;
				ONLY_ACTIVE_ARCH = YES;
				SDKROOT = iphoneos;
				SWIFT_ACTIVE_COMPILATION_CONDITIONS = "DEBUG $(inherited)";
				SWIFT_OPTIMIZATION_LEVEL = "-Onone";
			};
			name = Debug;
		};
		71C9C79E2E4A2A4B00AAA75D /* Release */ = {
			isa = XCBuildConfiguration;
			buildSettings = {
				ALWAYS_SEARCH_USER_PATHS = NO;
				ASSETCATALOG_COMPILER_GENERATE_SWIFT_ASSET_SYMBOL_EXTENSIONS = YES;
				CLANG_ANALYZER_NONNULL = YES;
				CLANG_ANALYZER_NUMBER_OBJECT_CONVERSION = YES_AGGRESSIVE;
				CLANG_CXX_LANGUAGE_STANDARD = "gnu++20";
				CLANG_ENABLE_MODULES = YES;
				CLANG_ENABLE_OBJC_ARC = YES;
				CLANG_ENABLE_OBJC_WEAK = YES;
				CLANG_WARN_BLOCK_CAPTURE_AUTORELEASING = YES;
				CLANG_WARN_BOOL_CONVERSION = YES;
				CLANG_WARN_COMMA = YES;
				CLANG_WARN_CONSTANT_CONVERSION = YES;
				CLANG_WARN_DEPRECATED_OBJC_IMPLEMENTATIONS = YES;
				CLANG_WARN_DIRECT_OBJC_ISA_USAGE = YES_ERROR;
				CLANG_WARN_DOCUMENTATION_COMMENTS = YES;
				CLANG_WARN_EMPTY_BODY = YES;
				CLANG_WARN_ENUM_CONVERSION = YES;
				CLANG_WARN_INFINITE_RECURSION = YES;
				CLANG_WARN_INT_CONVERSION = YES;
				CLANG_WARN_NON_LITERAL_NULL_CONVERSION = YES;
				CLANG_WARN_OBJC_IMPLICIT_RETAIN_SELF = YES;
				CLANG_WARN_OBJC_LITERAL_CONVERSION = YES;
				CLANG_WARN_OBJC_ROOT_CLASS = YES_ERROR;
				CLANG_WARN_QUOTED_INCLUDE_IN_FRAMEWORK_HEADER = YES;
				CLANG_WARN_RANGE_LOOP_ANALYSIS = YES;
				CLANG_WARN_STRICT_PROTOTYPES = YES;
				CLANG_WARN_SUSPICIOUS_MOVE = YES;
				CLANG_WARN_UNGUARDED_AVAILABILITY = YES_AGGRESSIVE;
				CLANG_WARN_UNREACHABLE_CODE = YES;
				CLANG_WARN__DUPLICATE_METHOD_MATCH = YES;
				COPY_PHASE_STRIP = NO;
				DEBUG_INFORMATION_FORMAT = "dwarf-with-dsym";
				ENABLE_NS_ASSERTIONS = NO;
				ENABLE_STRICT_OBJC_MSGSEND = YES;
				ENABLE_USER_SCRIPT_SANDBOXING = YES;
				GCC_C_LANGUAGE_STANDARD = gnu17;
				GCC_NO_COMMON_BLOCKS = YES;
				GCC_WARN_64_TO_32_BIT_CONVERSION = YES;
				GCC_WARN_ABOUT_RETURN_TYPE = YES_ERROR;
				GCC_WARN_UNDECLARED_SELECTOR = YES;
				GCC_WARN_UNINITIALIZED_AUTOS = YES_AGGRESSIVE;
				GCC_WARN_UNUSED_FUNCTION = YES;
				GCC_WARN_UNUSED_VARIABLE = YES;
				IPHONEOS_DEPLOYMENT_TARGET = 18.5;
				LOCALIZATION_PREFERS_STRING_CATALOGS = YES;
				MTL_ENABLE_DEBUG_INFO = NO;
				MTL_FAST_MATH = YES;
				SDKROOT = iphoneos;
				SWIFT_COMPILATION_MODE = wholemodule;
				VALIDATE_PRODUCT = YES;
			};
			name = Release;
		};
		71C9C7A02E4A2A4B00AAA75D /* Debug */ = {
			isa = XCBuildConfiguration;
			buildSettings = {
				ASSETCATALOG_COMPILER_APPICON_NAME = AppIcon;
				ASSETCATALOG_COMPILER_GLOBAL_ACCENT_COLOR_NAME = AccentColor;
				CODE_SIGN_STYLE = Automatic;
				CURRENT_PROJECT_VERSION = 1;
				DEVELOPMENT_TEAM = 4YMN752CAN;
				ENABLE_PREVIEWS = YES;
				GENERATE_INFOPLIST_FILE = NO;
				INFOPLIST_FILE = sekretar/Info.plist;
				INFOPLIST_KEY_CFBundleDisplayName = "";
				INFOPLIST_KEY_LSApplicationCategoryType = "";
				INFOPLIST_KEY_UIApplicationSceneManifest_Generation = YES;
				INFOPLIST_KEY_UILaunchScreen_Generation = YES;
				INFOPLIST_KEY_UISupportedInterfaceOrientations_iPad = "UIInterfaceOrientationPortrait UIInterfaceOrientationPortraitUpsideDown UIInterfaceOrientationLandscapeLeft UIInterfaceOrientationLandscapeRight";
				INFOPLIST_KEY_UISupportedInterfaceOrientations_iPhone = "UIInterfaceOrientationPortrait UIInterfaceOrientationLandscapeLeft UIInterfaceOrientationLandscapeRight";
				IPHONEOS_DEPLOYMENT_TARGET = 17.6;
				LD_RUNPATH_SEARCH_PATHS = (
					"$(inherited)",
					"@executable_path/Frameworks",
				);
				MARKETING_VERSION = 1.0;
				PRODUCT_BUNDLE_IDENTIFIER = com.aka.sekretar;
				PRODUCT_NAME = sekretar;
				SWIFT_EMIT_LOC_STRINGS = YES;
				SWIFT_VERSION = 5.0;
				TARGETED_DEVICE_FAMILY = "1,2";
			};
			name = Debug;
		};
		71C9C7A12E4A2A4B00AAA75D /* Release */ = {
			isa = XCBuildConfiguration;
			buildSettings = {
				ASSETCATALOG_COMPILER_APPICON_NAME = AppIcon;
				ASSETCATALOG_COMPILER_GLOBAL_ACCENT_COLOR_NAME = AccentColor;
				CODE_SIGN_STYLE = Automatic;
				CURRENT_PROJECT_VERSION = 1;
				DEVELOPMENT_TEAM = 4YMN752CAN;
				ENABLE_PREVIEWS = YES;
				GENERATE_INFOPLIST_FILE = NO;
				INFOPLIST_FILE = sekretar/Info.plist;
				INFOPLIST_KEY_CFBundleDisplayName = "";
				INFOPLIST_KEY_LSApplicationCategoryType = "";
				INFOPLIST_KEY_UIApplicationSceneManifest_Generation = YES;
				INFOPLIST_KEY_UILaunchScreen_Generation = YES;
				INFOPLIST_KEY_UISupportedInterfaceOrientations_iPad = "UIInterfaceOrientationPortrait UIInterfaceOrientationPortraitUpsideDown UIInterfaceOrientationLandscapeLeft UIInterfaceOrientationLandscapeRight";
				INFOPLIST_KEY_UISupportedInterfaceOrientations_iPhone = "UIInterfaceOrientationPortrait UIInterfaceOrientationLandscapeLeft UIInterfaceOrientationLandscapeRight";
				IPHONEOS_DEPLOYMENT_TARGET = 17.6;
				LD_RUNPATH_SEARCH_PATHS = (
					"$(inherited)",
					"@executable_path/Frameworks",
				);
				MARKETING_VERSION = 1.0;
				PRODUCT_BUNDLE_IDENTIFIER = com.aka.sekretar;
				PRODUCT_NAME = sekretar;
				SWIFT_EMIT_LOC_STRINGS = YES;
				SWIFT_VERSION = 5.0;
				TARGETED_DEVICE_FAMILY = "1,2";
			};
			name = Release;
		};
		71C9C7A32E4A2A4B00AAA75D /* Debug */ = {
			isa = XCBuildConfiguration;
			buildSettings = {
				BUNDLE_LOADER = "$(TEST_HOST)";
				CODE_SIGN_STYLE = Automatic;
				CURRENT_PROJECT_VERSION = 1;
				GENERATE_INFOPLIST_FILE = YES;
				IPHONEOS_DEPLOYMENT_TARGET = 18.5;
				MARKETING_VERSION = 1.0;
				PRODUCT_BUNDLE_IDENTIFIER = aka.sekretarTests;
				PRODUCT_NAME = "$(TARGET_NAME)";
				SWIFT_EMIT_LOC_STRINGS = NO;
				SWIFT_VERSION = 5.0;
				TARGETED_DEVICE_FAMILY = "1,2";
				TEST_HOST = "$(BUILT_PRODUCTS_DIR)/sekretar.app/$(BUNDLE_EXECUTABLE_FOLDER_PATH)/sekretar";
			};
			name = Debug;
		};
		71C9C7A42E4A2A4B00AAA75D /* Release */ = {
			isa = XCBuildConfiguration;
			buildSettings = {
				BUNDLE_LOADER = "$(TEST_HOST)";
				CODE_SIGN_STYLE = Automatic;
				CURRENT_PROJECT_VERSION = 1;
				GENERATE_INFOPLIST_FILE = YES;
				IPHONEOS_DEPLOYMENT_TARGET = 18.5;
				MARKETING_VERSION = 1.0;
				PRODUCT_BUNDLE_IDENTIFIER = aka.sekretarTests;
				PRODUCT_NAME = "$(TARGET_NAME)";
				SWIFT_EMIT_LOC_STRINGS = NO;
				SWIFT_VERSION = 5.0;
				TARGETED_DEVICE_FAMILY = "1,2";
				TEST_HOST = "$(BUILT_PRODUCTS_DIR)/sekretar.app/$(BUNDLE_EXECUTABLE_FOLDER_PATH)/sekretar";
			};
			name = Release;
		};
		71C9C7A62E4A2A4B00AAA75D /* Debug */ = {
			isa = XCBuildConfiguration;
			buildSettings = {
				CODE_SIGN_STYLE = Automatic;
				CURRENT_PROJECT_VERSION = 1;
				GENERATE_INFOPLIST_FILE = YES;
				MARKETING_VERSION = 1.0;
				PRODUCT_BUNDLE_IDENTIFIER = aka.sekretarUITests;
				PRODUCT_NAME = "$(TARGET_NAME)";
				SWIFT_EMIT_LOC_STRINGS = NO;
				SWIFT_VERSION = 5.0;
				TARGETED_DEVICE_FAMILY = "1,2";
				TEST_TARGET_NAME = sekretar;
			};
			name = Debug;
		};
		71C9C7A72E4A2A4B00AAA75D /* Release */ = {
			isa = XCBuildConfiguration;
			buildSettings = {
				CODE_SIGN_STYLE = Automatic;
				CURRENT_PROJECT_VERSION = 1;
				GENERATE_INFOPLIST_FILE = YES;
				MARKETING_VERSION = 1.0;
				PRODUCT_BUNDLE_IDENTIFIER = aka.sekretarUITests;
				PRODUCT_NAME = "$(TARGET_NAME)";
				SWIFT_EMIT_LOC_STRINGS = NO;
				SWIFT_VERSION = 5.0;
				TARGETED_DEVICE_FAMILY = "1,2";
				TEST_TARGET_NAME = sekretar;
			};
			name = Release;
		};
/* End XCBuildConfiguration section */

/* Begin XCConfigurationList section */
		71C9C7742E4A2A4800AAA75D /* Build configuration list for PBXProject "sekretar" */ = {
			isa = XCConfigurationList;
			buildConfigurations = (
				71C9C79D2E4A2A4B00AAA75D /* Debug */,
				71C9C79E2E4A2A4B00AAA75D /* Release */,
			);
			defaultConfigurationIsVisible = 0;
			defaultConfigurationName = Release;
		};
		71C9C79F2E4A2A4B00AAA75D /* Build configuration list for PBXNativeTarget "sekretar" */ = {
			isa = XCConfigurationList;
			buildConfigurations = (
				71C9C7A02E4A2A4B00AAA75D /* Debug */,
				71C9C7A12E4A2A4B00AAA75D /* Release */,
			);
			defaultConfigurationIsVisible = 0;
			defaultConfigurationName = Release;
		};
		71C9C7A22E4A2A4B00AAA75D /* Build configuration list for PBXNativeTarget "sekretarTests" */ = {
			isa = XCConfigurationList;
			buildConfigurations = (
				71C9C7A32E4A2A4B00AAA75D /* Debug */,
				71C9C7A42E4A2A4B00AAA75D /* Release */,
			);
			defaultConfigurationIsVisible = 0;
			defaultConfigurationName = Release;
		};
		71C9C7A52E4A2A4B00AAA75D /* Build configuration list for PBXNativeTarget "sekretarUITests" */ = {
			isa = XCConfigurationList;
			buildConfigurations = (
				71C9C7A62E4A2A4B00AAA75D /* Debug */,
				71C9C7A72E4A2A4B00AAA75D /* Release */,
			);
			defaultConfigurationIsVisible = 0;
			defaultConfigurationName = Release;
		};
/* End XCConfigurationList section */
	};
	rootObject = 71C9C7712E4A2A4800AAA75D /* Project object */;
}
